
Microsoft Visual Studio Solution File, Format Version 12.00
# Visual Studio Version 17
VisualStudioVersion = 17.6.33829.357
MinimumVisualStudioVersion = 10.0.40219.1
Project("{9A19103F-16F7-4668-BE54-9A1E7A4F7556}") = "NightMarket.Domain", "src\NightMarket.Domain\NightMarket.Domain.csproj", "{554AD327-6DBA-4F8F-96F8-81CE7A0C863F}"
EndProject
Project("{9A19103F-16F7-4668-BE54-9A1E7A4F7556}") = "NightMarket.Application", "src\NightMarket.Application\NightMarket.Application.csproj", "{1A94A50E-06DC-43C1-80B5-B662820EC3EB}"
EndProject
Project("{9A19103F-16F7-4668-BE54-9A1E7A4F7556}") = "NightMarket.EntityFrameworkCore", "src\NightMarket.EntityFrameworkCore\NightMarket.EntityFrameworkCore.csproj", "{C956DD76-69C8-4A9C-83EA-D17DF83340FD}"
EndProject
Project("{2150E333-8FDC-42A3-9474-1A3956D46DE8}") = "src", "src", "{CA9AC87F-097E-4F15-8393-4BC07735A5B0}"
EndProject
Project("{2150E333-8FDC-42A3-9474-1A3956D46DE8}") = "test", "test", "{04DBDB01-70F4-4E06-B468-8F87850B22BE}"
EndProject
Project("{9A19103F-16F7-4668-BE54-9A1E7A4F7556}") = "NightMarket.Application.Tests", "test\NightMarket.Application.Tests\NightMarket.Application.Tests.csproj", "{50B2631D-129C-47B3-A587-029CCD6099BC}"
EndProject
Project("{9A19103F-16F7-4668-BE54-9A1E7A4F7556}") = "NightMarket.Domain.Shared", "src\NightMarket.Domain.Shared\NightMarket.Domain.Shared.csproj", "{42F719ED-8413-4895-B5B4-5AB56079BC66}"
EndProject
Project("{9A19103F-16F7-4668-BE54-9A1E7A4F7556}") = "NightMarket.Application.Contracts", "src\NightMarket.Application.Contracts\NightMarket.Application.Contracts.csproj", "{520659C8-C734-4298-A3DA-B539DB9DFC0B}"
EndProject
Project("{9A19103F-16F7-4668-BE54-9A1E7A4F7556}") = "NightMarket.HttpApi", "src\NightMarket.HttpApi\NightMarket.HttpApi.csproj", "{4164BDF7-F527-4E85-9CE6-E3C2D7426A27}"
EndProject
Project("{9A19103F-16F7-4668-BE54-9A1E7A4F7556}") = "NightMarket.HttpApi.Client", "src\NightMarket.HttpApi.Client\NightMarket.HttpApi.Client.csproj", "{3B5A0094-670D-4BB1-BFDD-61B88A8773DC}"
EndProject
Project("{9A19103F-16F7-4668-BE54-9A1E7A4F7556}") = "NightMarket.AuthServer", "src\NightMarket.AuthServer\NightMarket.AuthServer.csproj", "{073C361E-B8F4-49F5-93CC-72A3FF49C026}"
EndProject
Project("{9A19103F-16F7-4668-BE54-9A1E7A4F7556}") = "NightMarket.HttpApi.Host", "src\NightMarket.HttpApi.Host\NightMarket.HttpApi.Host.csproj", "{E6D5BF0E-DE92-4D82-A352-EF04B37CB11C}"
EndProject
Project("{9A19103F-16F7-4668-BE54-9A1E7A4F7556}") = "NightMarket.EntityFrameworkCore.Tests", "test\NightMarket.EntityFrameworkCore.Tests\NightMarket.EntityFrameworkCore.Tests.csproj", "{1FE30EB9-74A9-47F5-A9F6-7B1FAB672D81}"
EndProject
Project("{9A19103F-16F7-4668-BE54-9A1E7A4F7556}") = "NightMarket.TestBase", "test\NightMarket.TestBase\NightMarket.TestBase.csproj", "{91853F21-9CD9-4132-BC29-A7D5D84FFFE7}"
EndProject
Project("{9A19103F-16F7-4668-BE54-9A1E7A4F7556}") = "NightMarket.Domain.Tests", "test\NightMarket.Domain.Tests\NightMarket.Domain.Tests.csproj", "{E512F4D9-9375-480F-A2F6-A46509F9D824}"
EndProject
Project("{9A19103F-16F7-4668-BE54-9A1E7A4F7556}") = "NightMarket.HttpApi.Client.ConsoleTestApp", "test\NightMarket.HttpApi.Client.ConsoleTestApp\NightMarket.HttpApi.Client.ConsoleTestApp.csproj", "{EF480016-9127-4916-8735-D2466BDBC582}"
EndProject
Project("{9A19103F-16F7-4668-BE54-9A1E7A4F7556}") = "NightMarket.DbMigrator", "src\NightMarket.DbMigrator\NightMarket.DbMigrator.csproj", "{AA94D832-1CCC-4715-95A9-A483F23A1A5D}"
EndProject
Project("{2150E333-8FDC-42A3-9474-1A3956D46DE8}") = "identity", "identity", "{F9FCBBD5-3B95-4AF2-80C8-1F8FBD2D95CD}"
EndProject
Project("{2150E333-8FDC-42A3-9474-1A3956D46DE8}") = "common", "common", "{DC074B53-1649-485E-A5ED-8DAEA3EF6C00}"
EndProject
Project("{2150E333-8FDC-42A3-9474-1A3956D46DE8}") = "domain", "domain", "{511A9DB7-54F9-4876-8A71-7FD715A9E80F}"
EndProject
Project("{2150E333-8FDC-42A3-9474-1A3956D46DE8}") = "infrastructure", "infrastructure", "{2B0807AC-1A81-49AD-923E-413BB2C10435}"
EndProject
Project("{2150E333-8FDC-42A3-9474-1A3956D46DE8}") = "public", "public", "{B2E780A5-2BED-454F-9E98-9EF8A279548B}"
EndProject
Project("{2150E333-8FDC-42A3-9474-1A3956D46DE8}") = "admin", "admin", "{E5D5008F-E22B-40AA-9414-6C6B4C08BD91}"
EndProject
Project("{9A19103F-16F7-4668-BE54-9A1E7A4F7556}") = "NightMarket.Admin.Application", "src\NightMarket.Admin.Application\NightMarket.Admin.Application.csproj", "{B6E4DE3E-7806-4FDB-8E38-A46B19CE4079}"
EndProject
Project("{9A19103F-16F7-4668-BE54-9A1E7A4F7556}") = "NightMarket.Admin.Application.Contracts", "src\NightMarket.Admin.Application.Contracts\NightMarket.Admin.Application.Contracts.csproj", "{9097C439-C148-48F0-BEEC-ECA339BD9A11}"
EndProject
Project("{9A19103F-16F7-4668-BE54-9A1E7A4F7556}") = "NightMarket.Admin.HttpApi", "src\NightMarket.Admin.HttpApi\NightMarket.Admin.HttpApi.csproj", "{27C997EA-FB26-4739-823D-763F358CE160}"
EndProject
Project("{9A19103F-16F7-4668-BE54-9A1E7A4F7556}") = "NightMarket.Admin.HttpApi.Client", "src\NightMarket.Admin.HttpApi.Client\NightMarket.Admin.HttpApi.Client.csproj", "{98A7F1E3-D07A-41AB-B162-59D6826FE491}"
EndProject
Project("{9A19103F-16F7-4668-BE54-9A1E7A4F7556}") = "NightMarket.Admin.HttpApi.Host", "src\NightMarket.Admin.HttpApi.Host\NightMarket.Admin.HttpApi.Host.csproj", "{0378B50A-2A1D-4F40-B6F0-66DC6F41A456}"
EndProject
Project("{2150E333-8FDC-42A3-9474-1A3956D46DE8}") = "admin", "admin", "{A623B5A9-2CB1-4613-A46F-ADE5CC945488}"
EndProject
Project("{2150E333-8FDC-42A3-9474-1A3956D46DE8}") = "public", "public", "{270B2F35-A048-4391-845C-F8FF1F71397F}"
EndProject
Project("{2150E333-8FDC-42A3-9474-1A3956D46DE8}") = "shared", "shared", "{B347946F-CAB6-44D2-BC29-F4633C8FA8EF}"
EndProject
Project("{9A19103F-16F7-4668-BE54-9A1E7A4F7556}") = "NightMarket.Admin.HttpApi.Client.ConsoleTestApp", "test\NightMarke.Admin.HttpApi.Client.ConsoleTestApp\NightMarket.Admin.HttpApi.Client.ConsoleTestApp.csproj", "{9693A159-5A37-418A-BC5F-9B78271F0653}"
EndProject
Project("{9A19103F-16F7-4668-BE54-9A1E7A4F7556}") = "NightMarket.Admin.Application.Tests", "test\NightMarket.Admin.Application.Tests\NightMarket.Admin.Application.Tests.csproj", "{A9C92408-4148-4098-817A-C64B4E0F70D5}"
EndProject
Global
	GlobalSection(SolutionConfigurationPlatforms) = preSolution
		Debug|Any CPU = Debug|Any CPU
		Release|Any CPU = Release|Any CPU
	EndGlobalSection
	GlobalSection(ProjectConfigurationPlatforms) = postSolution
		{554AD327-6DBA-4F8F-96F8-81CE7A0C863F}.Debug|Any CPU.ActiveCfg = Debug|Any CPU
		{554AD327-6DBA-4F8F-96F8-81CE7A0C863F}.Debug|Any CPU.Build.0 = Debug|Any CPU
		{554AD327-6DBA-4F8F-96F8-81CE7A0C863F}.Release|Any CPU.ActiveCfg = Release|Any CPU
		{554AD327-6DBA-4F8F-96F8-81CE7A0C863F}.Release|Any CPU.Build.0 = Release|Any CPU
		{1A94A50E-06DC-43C1-80B5-B662820EC3EB}.Debug|Any CPU.ActiveCfg = Debug|Any CPU
		{1A94A50E-06DC-43C1-80B5-B662820EC3EB}.Debug|Any CPU.Build.0 = Debug|Any CPU
		{1A94A50E-06DC-43C1-80B5-B662820EC3EB}.Release|Any CPU.ActiveCfg = Release|Any CPU
		{1A94A50E-06DC-43C1-80B5-B662820EC3EB}.Release|Any CPU.Build.0 = Release|Any CPU
		{C956DD76-69C8-4A9C-83EA-D17DF83340FD}.Debug|Any CPU.ActiveCfg = Debug|Any CPU
		{C956DD76-69C8-4A9C-83EA-D17DF83340FD}.Debug|Any CPU.Build.0 = Debug|Any CPU
		{C956DD76-69C8-4A9C-83EA-D17DF83340FD}.Release|Any CPU.ActiveCfg = Release|Any CPU
		{C956DD76-69C8-4A9C-83EA-D17DF83340FD}.Release|Any CPU.Build.0 = Release|Any CPU
		{50B2631D-129C-47B3-A587-029CCD6099BC}.Debug|Any CPU.ActiveCfg = Debug|Any CPU
		{50B2631D-129C-47B3-A587-029CCD6099BC}.Debug|Any CPU.Build.0 = Debug|Any CPU
		{50B2631D-129C-47B3-A587-029CCD6099BC}.Release|Any CPU.ActiveCfg = Release|Any CPU
		{50B2631D-129C-47B3-A587-029CCD6099BC}.Release|Any CPU.Build.0 = Release|Any CPU
		{42F719ED-8413-4895-B5B4-5AB56079BC66}.Debug|Any CPU.ActiveCfg = Debug|Any CPU
		{42F719ED-8413-4895-B5B4-5AB56079BC66}.Debug|Any CPU.Build.0 = Debug|Any CPU
		{42F719ED-8413-4895-B5B4-5AB56079BC66}.Release|Any CPU.ActiveCfg = Release|Any CPU
		{42F719ED-8413-4895-B5B4-5AB56079BC66}.Release|Any CPU.Build.0 = Release|Any CPU
		{520659C8-C734-4298-A3DA-B539DB9DFC0B}.Debug|Any CPU.ActiveCfg = Debug|Any CPU
		{520659C8-C734-4298-A3DA-B539DB9DFC0B}.Debug|Any CPU.Build.0 = Debug|Any CPU
		{520659C8-C734-4298-A3DA-B539DB9DFC0B}.Release|Any CPU.ActiveCfg = Release|Any CPU
		{520659C8-C734-4298-A3DA-B539DB9DFC0B}.Release|Any CPU.Build.0 = Release|Any CPU
		{4164BDF7-F527-4E85-9CE6-E3C2D7426A27}.Debug|Any CPU.ActiveCfg = Debug|Any CPU
		{4164BDF7-F527-4E85-9CE6-E3C2D7426A27}.Debug|Any CPU.Build.0 = Debug|Any CPU
		{4164BDF7-F527-4E85-9CE6-E3C2D7426A27}.Release|Any CPU.ActiveCfg = Release|Any CPU
		{4164BDF7-F527-4E85-9CE6-E3C2D7426A27}.Release|Any CPU.Build.0 = Release|Any CPU
		{3B5A0094-670D-4BB1-BFDD-61B88A8773DC}.Debug|Any CPU.ActiveCfg = Debug|Any CPU
		{3B5A0094-670D-4BB1-BFDD-61B88A8773DC}.Debug|Any CPU.Build.0 = Debug|Any CPU
		{3B5A0094-670D-4BB1-BFDD-61B88A8773DC}.Release|Any CPU.ActiveCfg = Release|Any CPU
		{3B5A0094-670D-4BB1-BFDD-61B88A8773DC}.Release|Any CPU.Build.0 = Release|Any CPU
		{073C361E-B8F4-49F5-93CC-72A3FF49C026}.Debug|Any CPU.ActiveCfg = Debug|Any CPU
		{073C361E-B8F4-49F5-93CC-72A3FF49C026}.Debug|Any CPU.Build.0 = Debug|Any CPU
		{073C361E-B8F4-49F5-93CC-72A3FF49C026}.Release|Any CPU.ActiveCfg = Release|Any CPU
		{073C361E-B8F4-49F5-93CC-72A3FF49C026}.Release|Any CPU.Build.0 = Release|Any CPU
		{E6D5BF0E-DE92-4D82-A352-EF04B37CB11C}.Debug|Any CPU.ActiveCfg = Debug|Any CPU
		{E6D5BF0E-DE92-4D82-A352-EF04B37CB11C}.Debug|Any CPU.Build.0 = Debug|Any CPU
		{E6D5BF0E-DE92-4D82-A352-EF04B37CB11C}.Release|Any CPU.ActiveCfg = Release|Any CPU
		{E6D5BF0E-DE92-4D82-A352-EF04B37CB11C}.Release|Any CPU.Build.0 = Release|Any CPU
		{1FE30EB9-74A9-47F5-A9F6-7B1FAB672D81}.Debug|Any CPU.ActiveCfg = Debug|Any CPU
		{1FE30EB9-74A9-47F5-A9F6-7B1FAB672D81}.Debug|Any CPU.Build.0 = Debug|Any CPU
		{1FE30EB9-74A9-47F5-A9F6-7B1FAB672D81}.Release|Any CPU.ActiveCfg = Release|Any CPU
		{1FE30EB9-74A9-47F5-A9F6-7B1FAB672D81}.Release|Any CPU.Build.0 = Release|Any CPU
		{91853F21-9CD9-4132-BC29-A7D5D84FFFE7}.Debug|Any CPU.ActiveCfg = Debug|Any CPU
		{91853F21-9CD9-4132-BC29-A7D5D84FFFE7}.Debug|Any CPU.Build.0 = Debug|Any CPU
		{91853F21-9CD9-4132-BC29-A7D5D84FFFE7}.Release|Any CPU.ActiveCfg = Release|Any CPU
		{91853F21-9CD9-4132-BC29-A7D5D84FFFE7}.Release|Any CPU.Build.0 = Release|Any CPU
		{E512F4D9-9375-480F-A2F6-A46509F9D824}.Debug|Any CPU.ActiveCfg = Debug|Any CPU
		{E512F4D9-9375-480F-A2F6-A46509F9D824}.Debug|Any CPU.Build.0 = Debug|Any CPU
		{E512F4D9-9375-480F-A2F6-A46509F9D824}.Release|Any CPU.ActiveCfg = Release|Any CPU
		{E512F4D9-9375-480F-A2F6-A46509F9D824}.Release|Any CPU.Build.0 = Release|Any CPU
		{EF480016-9127-4916-8735-D2466BDBC582}.Debug|Any CPU.ActiveCfg = Debug|Any CPU
		{EF480016-9127-4916-8735-D2466BDBC582}.Debug|Any CPU.Build.0 = Debug|Any CPU
		{EF480016-9127-4916-8735-D2466BDBC582}.Release|Any CPU.ActiveCfg = Release|Any CPU
		{EF480016-9127-4916-8735-D2466BDBC582}.Release|Any CPU.Build.0 = Release|Any CPU
		{AA94D832-1CCC-4715-95A9-A483F23A1A5D}.Debug|Any CPU.ActiveCfg = Debug|Any CPU
		{AA94D832-1CCC-4715-95A9-A483F23A1A5D}.Debug|Any CPU.Build.0 = Debug|Any CPU
		{AA94D832-1CCC-4715-95A9-A483F23A1A5D}.Release|Any CPU.ActiveCfg = Release|Any CPU
		{AA94D832-1CCC-4715-95A9-A483F23A1A5D}.Release|Any CPU.Build.0 = Release|Any CPU
		{B6E4DE3E-7806-4FDB-8E38-A46B19CE4079}.Debug|Any CPU.ActiveCfg = Debug|Any CPU
		{B6E4DE3E-7806-4FDB-8E38-A46B19CE4079}.Debug|Any CPU.Build.0 = Debug|Any CPU
		{B6E4DE3E-7806-4FDB-8E38-A46B19CE4079}.Release|Any CPU.ActiveCfg = Release|Any CPU
		{B6E4DE3E-7806-4FDB-8E38-A46B19CE4079}.Release|Any CPU.Build.0 = Release|Any CPU
		{9097C439-C148-48F0-BEEC-ECA339BD9A11}.Debug|Any CPU.ActiveCfg = Debug|Any CPU
		{9097C439-C148-48F0-BEEC-ECA339BD9A11}.Debug|Any CPU.Build.0 = Debug|Any CPU
		{9097C439-C148-48F0-BEEC-ECA339BD9A11}.Release|Any CPU.ActiveCfg = Release|Any CPU
		{9097C439-C148-48F0-BEEC-ECA339BD9A11}.Release|Any CPU.Build.0 = Release|Any CPU
		{27C997EA-FB26-4739-823D-763F358CE160}.Debug|Any CPU.ActiveCfg = Debug|Any CPU
		{27C997EA-FB26-4739-823D-763F358CE160}.Debug|Any CPU.Build.0 = Debug|Any CPU
		{27C997EA-FB26-4739-823D-763F358CE160}.Release|Any CPU.ActiveCfg = Release|Any CPU
		{27C997EA-FB26-4739-823D-763F358CE160}.Release|Any CPU.Build.0 = Release|Any CPU
		{98A7F1E3-D07A-41AB-B162-59D6826FE491}.Debug|Any CPU.ActiveCfg = Debug|Any CPU
		{98A7F1E3-D07A-41AB-B162-59D6826FE491}.Debug|Any CPU.Build.0 = Debug|Any CPU
		{98A7F1E3-D07A-41AB-B162-59D6826FE491}.Release|Any CPU.ActiveCfg = Release|Any CPU
		{98A7F1E3-D07A-41AB-B162-59D6826FE491}.Release|Any CPU.Build.0 = Release|Any CPU
		{0378B50A-2A1D-4F40-B6F0-66DC6F41A456}.Debug|Any CPU.ActiveCfg = Debug|Any CPU
		{0378B50A-2A1D-4F40-B6F0-66DC6F41A456}.Debug|Any CPU.Build.0 = Debug|Any CPU
		{0378B50A-2A1D-4F40-B6F0-66DC6F41A456}.Release|Any CPU.ActiveCfg = Release|Any CPU
		{0378B50A-2A1D-4F40-B6F0-66DC6F41A456}.Release|Any CPU.Build.0 = Release|Any CPU
		{9693A159-5A37-418A-BC5F-9B78271F0653}.Debug|Any CPU.ActiveCfg = Debug|Any CPU
		{9693A159-5A37-418A-BC5F-9B78271F0653}.Debug|Any CPU.Build.0 = Debug|Any CPU
		{9693A159-5A37-418A-BC5F-9B78271F0653}.Release|Any CPU.ActiveCfg = Release|Any CPU
		{9693A159-5A37-418A-BC5F-9B78271F0653}.Release|Any CPU.Build.0 = Release|Any CPU
		{A9C92408-4148-4098-817A-C64B4E0F70D5}.Debug|Any CPU.ActiveCfg = Debug|Any CPU
		{A9C92408-4148-4098-817A-C64B4E0F70D5}.Debug|Any CPU.Build.0 = Debug|Any CPU
		{A9C92408-4148-4098-817A-C64B4E0F70D5}.Release|Any CPU.ActiveCfg = Release|Any CPU
		{A9C92408-4148-4098-817A-C64B4E0F70D5}.Release|Any CPU.Build.0 = Release|Any CPU
	EndGlobalSection
	GlobalSection(SolutionProperties) = preSolution
		HideSolutionNode = FALSE
	EndGlobalSection
	GlobalSection(NestedProjects) = preSolution
		{554AD327-6DBA-4F8F-96F8-81CE7A0C863F} = {511A9DB7-54F9-4876-8A71-7FD715A9E80F}
		{1A94A50E-06DC-43C1-80B5-B662820EC3EB} = {B2E780A5-2BED-454F-9E98-9EF8A279548B}
		{C956DD76-69C8-4A9C-83EA-D17DF83340FD} = {2B0807AC-1A81-49AD-923E-413BB2C10435}
		{50B2631D-129C-47B3-A587-029CCD6099BC} = {270B2F35-A048-4391-845C-F8FF1F71397F}
		{42F719ED-8413-4895-B5B4-5AB56079BC66} = {511A9DB7-54F9-4876-8A71-7FD715A9E80F}
		{520659C8-C734-4298-A3DA-B539DB9DFC0B} = {B2E780A5-2BED-454F-9E98-9EF8A279548B}
		{4164BDF7-F527-4E85-9CE6-E3C2D7426A27} = {B2E780A5-2BED-454F-9E98-9EF8A279548B}
		{3B5A0094-670D-4BB1-BFDD-61B88A8773DC} = {B2E780A5-2BED-454F-9E98-9EF8A279548B}
		{073C361E-B8F4-49F5-93CC-72A3FF49C026} = {F9FCBBD5-3B95-4AF2-80C8-1F8FBD2D95CD}
		{E6D5BF0E-DE92-4D82-A352-EF04B37CB11C} = {B2E780A5-2BED-454F-9E98-9EF8A279548B}
		{1FE30EB9-74A9-47F5-A9F6-7B1FAB672D81} = {B347946F-CAB6-44D2-BC29-F4633C8FA8EF}
		{91853F21-9CD9-4132-BC29-A7D5D84FFFE7} = {B347946F-CAB6-44D2-BC29-F4633C8FA8EF}
		{E512F4D9-9375-480F-A2F6-A46509F9D824} = {270B2F35-A048-4391-845C-F8FF1F71397F}
		{EF480016-9127-4916-8735-D2466BDBC582} = {B347946F-CAB6-44D2-BC29-F4633C8FA8EF}
		{AA94D832-1CCC-4715-95A9-A483F23A1A5D} = {2B0807AC-1A81-49AD-923E-413BB2C10435}
		{F9FCBBD5-3B95-4AF2-80C8-1F8FBD2D95CD} = {CA9AC87F-097E-4F15-8393-4BC07735A5B0}
		{DC074B53-1649-485E-A5ED-8DAEA3EF6C00} = {CA9AC87F-097E-4F15-8393-4BC07735A5B0}
		{511A9DB7-54F9-4876-8A71-7FD715A9E80F} = {DC074B53-1649-485E-A5ED-8DAEA3EF6C00}
		{2B0807AC-1A81-49AD-923E-413BB2C10435} = {DC074B53-1649-485E-A5ED-8DAEA3EF6C00}
		{B2E780A5-2BED-454F-9E98-9EF8A279548B} = {CA9AC87F-097E-4F15-8393-4BC07735A5B0}
		{E5D5008F-E22B-40AA-9414-6C6B4C08BD91} = {CA9AC87F-097E-4F15-8393-4BC07735A5B0}
		{B6E4DE3E-7806-4FDB-8E38-A46B19CE4079} = {E5D5008F-E22B-40AA-9414-6C6B4C08BD91}
		{9097C439-C148-48F0-BEEC-ECA339BD9A11} = {E5D5008F-E22B-40AA-9414-6C6B4C08BD91}
		{27C997EA-FB26-4739-823D-763F358CE160} = {E5D5008F-E22B-40AA-9414-6C6B4C08BD91}
		{98A7F1E3-D07A-41AB-B162-59D6826FE491} = {E5D5008F-E22B-40AA-9414-6C6B4C08BD91}
		{0378B50A-2A1D-4F40-B6F0-66DC6F41A456} = {E5D5008F-E22B-40AA-9414-6C6B4C08BD91}
		{A623B5A9-2CB1-4613-A46F-ADE5CC945488} = {04DBDB01-70F4-4E06-B468-8F87850B22BE}
		{270B2F35-A048-4391-845C-F8FF1F71397F} = {04DBDB01-70F4-4E06-B468-8F87850B22BE}
		{B347946F-CAB6-44D2-BC29-F4633C8FA8EF} = {04DBDB01-70F4-4E06-B468-8F87850B22BE}
		{9693A159-5A37-418A-BC5F-9B78271F0653} = {A623B5A9-2CB1-4613-A46F-ADE5CC945488}
		{A9C92408-4148-4098-817A-C64B4E0F70D5} = {A623B5A9-2CB1-4613-A46F-ADE5CC945488}
	EndGlobalSection
	GlobalSection(ExtensibilityGlobals) = postSolution
		SolutionGuid = {28315BFD-90E7-4E14-A2EA-F3D23AF4126F}
	EndGlobalSection
EndGlobal
